
Microsoft Visual Studio Solution File, Format Version 12.00
# Visual Studio Version 17
VisualStudioVersion = 17.14.36623.8 d17.14
MinimumVisualStudioVersion = 10.0.40219.1
Project("{FAE04EC0-301F-11D3-BF4B-00C04F79EFBC}") = "Workshop7", "Workshop7.csproj", "{32BBFE7F-37E3-4A82-9146-CB3695FB2385}"
EndProject
Global
	GlobalSection(SolutionConfigurationPlatforms) = preSolution
		Debug|Any CPU = Debug|Any CPU
		Release|Any CPU = Release|Any CPU
	EndGlobalSection
	GlobalSection(ProjectConfigurationPlatforms) = postSolution
		{32BBFE7F-37E3-4A82-9146-CB3695FB2385}.Debug|Any CPU.ActiveCfg = Debug|Any CPU
		{32BBFE7F-37E3-4A82-9146-CB3695FB2385}.Debug|Any CPU.Build.0 = Debug|Any CPU
		{32BBFE7F-37E3-4A82-9146-CB3695FB2385}.Debug|Any CPU.Deploy.0 = Debug|Any CPU
		{32BBFE7F-37E3-4A82-9146-CB3695FB2385}.Release|Any CPU.ActiveCfg = Release|Any CPU
		{32BBFE7F-37E3-4A82-9146-CB3695FB2385}.Release|Any CPU.Build.0 = Release|Any CPU
	EndGlobalSection
	GlobalSection(SolutionProperties) = preSolution
		HideSolutionNode = FALSE
	EndGlobalSection
	GlobalSection(ExtensibilityGlobals) = postSolution
		SolutionGuid = {20D46BB7-0407-4FB8-8A32-6A2E6254E465}
	EndGlobalSection
EndGlobal
